
Microsoft Visual Studio Solution File, Format Version 12.00
# Visual Studio Version 16
VisualStudioVersion = 16.0.31410.357
MinimumVisualStudioVersion = 10.0.40219.1
Project("{FAE04EC0-301F-11D3-BF4B-00C04F79EFBC}") = "Macoratti.Curso.Demo", "Macoratti.Curso.Demo\Macoratti.Curso.Demo.csproj", "{15C58CF5-2383-4DD9-BFD9-3E381BA71FC5}"
EndProject
Global
	GlobalSection(SolutionConfigurationPlatforms) = preSolution
		Debug|Any CPU = Debug|Any CPU
		Release|Any CPU = Release|Any CPU
	EndGlobalSection
	GlobalSection(ProjectConfigurationPlatforms) = postSolution
		{15C58CF5-2383-4DD9-BFD9-3E381BA71FC5}.Debug|Any CPU.ActiveCfg = Debug|Any CPU
		{15C58CF5-2383-4DD9-BFD9-3E381BA71FC5}.Debug|Any CPU.Build.0 = Debug|Any CPU
		{15C58CF5-2383-4DD9-BFD9-3E381BA71FC5}.Release|Any CPU.ActiveCfg = Release|Any CPU
		{15C58CF5-2383-4DD9-BFD9-3E381BA71FC5}.Release|Any CPU.Build.0 = Release|Any CPU
	EndGlobalSection
	GlobalSection(SolutionProperties) = preSolution
		HideSolutionNode = FALSE
	EndGlobalSection
	GlobalSection(ExtensibilityGlobals) = postSolution
		SolutionGuid = {4FA0D719-A5D7-4294-8583-95DB37A0FC29}
	EndGlobalSection
EndGlobal
